
Microsoft Visual Studio Solution File, Format Version 12.00
# Visual Studio Version 17
VisualStudioVersion = 17.8.34525.116
MinimumVisualStudioVersion = 10.0.40219.1
Project("{9A19103F-16F7-4668-BE54-9A1E7A4F7556}") = "Experiments.Api", "ColorsExperiment.Api\Experiments.Api.csproj", "{6DE4E77E-4C88-485E-A419-2DDA615B96EB}"
EndProject
Project("{2150E333-8FDC-42A3-9474-1A3956D46DE8}") = "data", "data", "{DADB322E-73DC-4CE7-B1B6-E529E4166EDD}"
EndProject
Project("{2150E333-8FDC-42A3-9474-1A3956D46DE8}") = "api", "api", "{13650334-1FF5-4321-B727-63974337D3C9}"
EndProject
Project("{2150E333-8FDC-42A3-9474-1A3956D46DE8}") = "repositories", "repositories", "{89F18B9C-51DA-476B-93C8-7851F259518F}"
EndProject
Project("{2150E333-8FDC-42A3-9474-1A3956D46DE8}") = "models", "models", "{9FC4E6BD-A821-433E-ABCD-790C463C28F9}"
EndProject
Project("{9A19103F-16F7-4668-BE54-9A1E7A4F7556}") = "Experiments.Data", "ColorsExperiment.Data\Experiments.Data.csproj", "{38786E58-723A-4ED4-A2C6-092E678BB139}"
EndProject
Project("{9A19103F-16F7-4668-BE54-9A1E7A4F7556}") = "Experiments.Models", "ColorsExperiment.Models\Experiments.Models.csproj", "{1C34CCD2-547F-4245-BAA9-6120747B90FB}"
EndProject
Project("{9A19103F-16F7-4668-BE54-9A1E7A4F7556}") = "Experiments.Repositories", "ColorsExperiment.Repos\Experiments.Repositories.csproj", "{E9C599DE-D9EF-4599-BCDF-37692BDB797C}"
EndProject
Project("{2150E333-8FDC-42A3-9474-1A3956D46DE8}") = "tests", "tests", "{0144B4E1-E633-4AA2-80EE-1B7B71802AC7}"
EndProject
Project("{2150E333-8FDC-42A3-9474-1A3956D46DE8}") = "benchmark", "benchmark", "{B5C11E52-7D51-4356-81A9-85295E5B1E69}"
EndProject
Project("{2150E333-8FDC-42A3-9474-1A3956D46DE8}") = "unit-tests", "unit-tests", "{0C3F8EAF-31FC-4D53-9648-AFE40BE9E73F}"
EndProject
Project("{9A19103F-16F7-4668-BE54-9A1E7A4F7556}") = "Experiments.Benchmark", "Experiments.Benchmark\Experiments.Benchmark.csproj", "{D7F5D6B8-8ED5-42A1-B6EB-412EEC645B9F}"
EndProject
Project("{9A19103F-16F7-4668-BE54-9A1E7A4F7556}") = "Experiments.Tests", "Experiments.Tests\Experiments.Tests.csproj", "{AA9E0C43-0B63-4AC9-B657-998BCCDB1CFB}"
EndProject
Global
	GlobalSection(SolutionConfigurationPlatforms) = preSolution
		Debug|Any CPU = Debug|Any CPU
		Release|Any CPU = Release|Any CPU
	EndGlobalSection
	GlobalSection(ProjectConfigurationPlatforms) = postSolution
		{6DE4E77E-4C88-485E-A419-2DDA615B96EB}.Debug|Any CPU.ActiveCfg = Debug|Any CPU
		{6DE4E77E-4C88-485E-A419-2DDA615B96EB}.Debug|Any CPU.Build.0 = Debug|Any CPU
		{6DE4E77E-4C88-485E-A419-2DDA615B96EB}.Release|Any CPU.ActiveCfg = Release|Any CPU
		{6DE4E77E-4C88-485E-A419-2DDA615B96EB}.Release|Any CPU.Build.0 = Release|Any CPU
		{38786E58-723A-4ED4-A2C6-092E678BB139}.Debug|Any CPU.ActiveCfg = Release|Any CPU
		{38786E58-723A-4ED4-A2C6-092E678BB139}.Debug|Any CPU.Build.0 = Release|Any CPU
		{38786E58-723A-4ED4-A2C6-092E678BB139}.Release|Any CPU.ActiveCfg = Release|Any CPU
		{38786E58-723A-4ED4-A2C6-092E678BB139}.Release|Any CPU.Build.0 = Release|Any CPU
		{1C34CCD2-547F-4245-BAA9-6120747B90FB}.Debug|Any CPU.ActiveCfg = Debug|Any CPU
		{1C34CCD2-547F-4245-BAA9-6120747B90FB}.Debug|Any CPU.Build.0 = Debug|Any CPU
		{1C34CCD2-547F-4245-BAA9-6120747B90FB}.Release|Any CPU.ActiveCfg = Release|Any CPU
		{1C34CCD2-547F-4245-BAA9-6120747B90FB}.Release|Any CPU.Build.0 = Release|Any CPU
		{E9C599DE-D9EF-4599-BCDF-37692BDB797C}.Debug|Any CPU.ActiveCfg = Release|Any CPU
		{E9C599DE-D9EF-4599-BCDF-37692BDB797C}.Debug|Any CPU.Build.0 = Release|Any CPU
		{E9C599DE-D9EF-4599-BCDF-37692BDB797C}.Release|Any CPU.ActiveCfg = Release|Any CPU
		{E9C599DE-D9EF-4599-BCDF-37692BDB797C}.Release|Any CPU.Build.0 = Release|Any CPU
		{D7F5D6B8-8ED5-42A1-B6EB-412EEC645B9F}.Debug|Any CPU.ActiveCfg = Release|Any CPU
		{D7F5D6B8-8ED5-42A1-B6EB-412EEC645B9F}.Debug|Any CPU.Build.0 = Release|Any CPU
		{D7F5D6B8-8ED5-42A1-B6EB-412EEC645B9F}.Release|Any CPU.ActiveCfg = Release|Any CPU
		{D7F5D6B8-8ED5-42A1-B6EB-412EEC645B9F}.Release|Any CPU.Build.0 = Release|Any CPU
		{AA9E0C43-0B63-4AC9-B657-998BCCDB1CFB}.Debug|Any CPU.ActiveCfg = Debug|Any CPU
		{AA9E0C43-0B63-4AC9-B657-998BCCDB1CFB}.Debug|Any CPU.Build.0 = Debug|Any CPU
		{AA9E0C43-0B63-4AC9-B657-998BCCDB1CFB}.Release|Any CPU.ActiveCfg = Release|Any CPU
		{AA9E0C43-0B63-4AC9-B657-998BCCDB1CFB}.Release|Any CPU.Build.0 = Release|Any CPU
	EndGlobalSection
	GlobalSection(SolutionProperties) = preSolution
		HideSolutionNode = FALSE
	EndGlobalSection
	GlobalSection(NestedProjects) = preSolution
		{6DE4E77E-4C88-485E-A419-2DDA615B96EB} = {13650334-1FF5-4321-B727-63974337D3C9}
		{89F18B9C-51DA-476B-93C8-7851F259518F} = {DADB322E-73DC-4CE7-B1B6-E529E4166EDD}
		{9FC4E6BD-A821-433E-ABCD-790C463C28F9} = {DADB322E-73DC-4CE7-B1B6-E529E4166EDD}
		{38786E58-723A-4ED4-A2C6-092E678BB139} = {DADB322E-73DC-4CE7-B1B6-E529E4166EDD}
		{1C34CCD2-547F-4245-BAA9-6120747B90FB} = {9FC4E6BD-A821-433E-ABCD-790C463C28F9}
		{E9C599DE-D9EF-4599-BCDF-37692BDB797C} = {89F18B9C-51DA-476B-93C8-7851F259518F}
		{B5C11E52-7D51-4356-81A9-85295E5B1E69} = {0144B4E1-E633-4AA2-80EE-1B7B71802AC7}
		{0C3F8EAF-31FC-4D53-9648-AFE40BE9E73F} = {0144B4E1-E633-4AA2-80EE-1B7B71802AC7}
		{D7F5D6B8-8ED5-42A1-B6EB-412EEC645B9F} = {B5C11E52-7D51-4356-81A9-85295E5B1E69}
		{AA9E0C43-0B63-4AC9-B657-998BCCDB1CFB} = {0C3F8EAF-31FC-4D53-9648-AFE40BE9E73F}
	EndGlobalSection
	GlobalSection(ExtensibilityGlobals) = postSolution
		SolutionGuid = {21FB48CC-1D77-480D-9488-B8C5E4145646}
	EndGlobalSection
EndGlobal
